<?xml version="1.0" encoding="utf-8"?>
<Project ToolsVersion="4.0" xmlns="http://schemas.microsoft.com/developer/msbuild/2003">
  <ItemGroup>
    <Filter Include="00. Game">
      <UniqueIdentifier>{534103c8-95c9-427b-a3e3-db7783d19d23}</UniqueIdentifier>
    </Filter>
    <Filter Include="99. Default">
      <UniqueIdentifier>{a52a1295-84e8-4db6-a453-60a1990b9846}</UniqueIdentifier>
    </Filter>
    <Filter Include="99. Default\Source Files">
      <UniqueIdentifier>{4FC737F1-C7A5-4376-A066-2A32D752A2FF}</UniqueIdentifier>
      <Extensions>cpp;c;cc;cxx;c++;cppm;ixx;def;odl;idl;hpj;bat;asm;asmx</Extensions>
    </Filter>
    <Filter Include="99. Default\Header Files">
      <UniqueIdentifier>{93995380-89BD-4b04-88EB-625FBE52EBFB}</UniqueIdentifier>
      <Extensions>h;hh;hpp;hxx;h++;hm;inl;inc;ipp;xsd</Extensions>
    </Filter>
    <Filter Include="99. Default\Resource Files">
      <UniqueIdentifier>{67DA6AB6-F800-4c08-8B7A-83BB121AAD01}</UniqueIdentifier>
      <Extensions>rc;ico;cur;bmp;dlg;rc2;rct;bin;rgs;gif;jpg;jpeg;jpe;resx;tiff;tif;png;wav;mfcribbon-ms</Extensions>
    </Filter>
    <Filter Include="00. Game\00. Scene">
      <UniqueIdentifier>{4a96d60f-20fc-4220-9987-e985a276f3e4}</UniqueIdentifier>
    </Filter>
    <Filter Include="00. Game\00. Scene\00.Loading">
      <UniqueIdentifier>{4cecfb4d-9a61-4ce5-9cf2-afd5f56b3fd9}</UniqueIdentifier>
    </Filter>
    <Filter Include="00. Game\00. Scene\01.Create">
      <UniqueIdentifier>{e3d86f59-bc71-4d1c-835b-e4d78ca44540}</UniqueIdentifier>
    </Filter>
    <Filter Include="00. Game\01. GameObject">
      <UniqueIdentifier>{bc3ec503-8e32-4b35-9ed3-0c53f42e2cab}</UniqueIdentifier>
    </Filter>
    <Filter Include="00. Game\01. GameObject\00. Player">
      <UniqueIdentifier>{3b180011-666b-4c4e-a785-14ce52323326}</UniqueIdentifier>
    </Filter>
    <Filter Include="00. Game\98.Include">
      <UniqueIdentifier>{0efcff65-7b50-4694-bcdb-16c8434e40cb}</UniqueIdentifier>
    </Filter>
    <Filter Include="00. Game\00. Scene\02.Town">
      <UniqueIdentifier>{41d97535-a300-41fc-92aa-6d0b59b7cccc}</UniqueIdentifier>
    </Filter>
    <Filter Include="00. Game\01. GameObject\NaviMesh">
      <UniqueIdentifier>{5cd9aee5-d1ed-4119-b307-4229ca098c2c}</UniqueIdentifier>
    </Filter>
    <Filter Include="00. Game\01. GameObject\NaviMesh\Node">
      <UniqueIdentifier>{bbb21cb5-8bb0-4084-9f99-b81f39ee2daf}</UniqueIdentifier>
    </Filter>
    <Filter Include="00. Game\01. GameObject\NaviMesh\PathFinding">
      <UniqueIdentifier>{8c3bb6f0-4c06-4f95-b83e-805314632863}</UniqueIdentifier>
    </Filter>
    <Filter Include="00. Game\01. GameObject\01. TargetCamera">
      <UniqueIdentifier>{c228790c-daf7-45d7-ab2a-2c051c7b0d62}</UniqueIdentifier>
    </Filter>
    <Filter Include="00. Game\01. GameObject\02. UI">
      <UniqueIdentifier>{17122b34-fba8-4a83-a474-289c364b1b8b}</UniqueIdentifier>
    </Filter>
    <Filter Include="00. Game\01. GameObject\02. UI\StatusBar">
      <UniqueIdentifier>{6b3f6249-12cf-48ca-a59b-b2bdb86821ec}</UniqueIdentifier>
    </Filter>
    <Filter Include="00. Game\01. GameObject\02. UI\StatusBar\MouseBtnUI">
      <UniqueIdentifier>{2c9f6bdb-10a0-47b0-a6ef-bb49f824efac}</UniqueIdentifier>
    </Filter>
    <Filter Include="00. Game\01. GameObject\02. UI\System">
      <UniqueIdentifier>{3233839e-fb88-4fae-bade-3719e38bf121}</UniqueIdentifier>
    </Filter>
    <Filter Include="00. Game\01. GameObject\02. UI\System\TopBar">
      <UniqueIdentifier>{14724f00-33d1-4c7c-ab55-10158c57d4f8}</UniqueIdentifier>
    </Filter>
    <Filter Include="00. Game\01. GameObject\02. UI\System\ExitBtn">
      <UniqueIdentifier>{546fdf4d-bfde-4507-85e2-9cb144652165}</UniqueIdentifier>
    </Filter>
    <Filter Include="00. Game\01. GameObject\02. UI\StatusWnd">
      <UniqueIdentifier>{ddb511fb-d117-4c45-95f6-46681d9a954a}</UniqueIdentifier>
    </Filter>
    <Filter Include="00. Game\01. GameObject\02. UI\FrameText">
      <UniqueIdentifier>{9e7319f8-a9df-467d-82c3-9ba596a45f9d}</UniqueIdentifier>
    </Filter>
    <Filter Include="00. Game\01. GameObject\BillboardSprite">
      <UniqueIdentifier>{59da0ae7-873b-4e8a-b417-9fca2aab2089}</UniqueIdentifier>
    </Filter>
    <Filter Include="00. Game\01. GameObject\Actor">
      <UniqueIdentifier>{735c5706-7b04-4840-8ff2-701db35a3c67}</UniqueIdentifier>
    </Filter>
    <Filter Include="00. Game\01. GameObject\Actor\Monster">
      <UniqueIdentifier>{0051822a-bf3b-4b4f-9267-efbf0a9e8a4c}</UniqueIdentifier>
    </Filter>
    <Filter Include="00. Game\Manager">
      <UniqueIdentifier>{40dea778-d529-4716-a740-9aec9908e052}</UniqueIdentifier>
    </Filter>
    <Filter Include="00. Game\01. GameObject\BillboardObj">
      <UniqueIdentifier>{70846859-c726-47e1-b220-8e982f18328f}</UniqueIdentifier>
    </Filter>
    <Filter Include="00. Game\01. GameObject\00. Player\00. InputHandle">
      <UniqueIdentifier>{b76ee25e-0318-4d9b-b18b-dcd49cdd3f43}</UniqueIdentifier>
    </Filter>
    <Filter Include="00. Game\01. GameObject\00. Player\00. InputHandle\Command">
      <UniqueIdentifier>{5af0d014-8f4b-427b-8f61-196c5cbb979a}</UniqueIdentifier>
    </Filter>
    <Filter Include="00. Game\01. GameObject\00. Player\00. InputHandle\Command\SkillCommand">
      <UniqueIdentifier>{b91db208-2c78-4d8c-b033-e08a030a4e2a}</UniqueIdentifier>
    </Filter>
    <Filter Include="00. Game\01. GameObject\00. Player\00. InputHandle\Command\AttackCommand">
      <UniqueIdentifier>{fa4e8722-89e6-4f8e-ab53-49329322cec9}</UniqueIdentifier>
    </Filter>
    <Filter Include="00. Game\01. GameObject\00. Player\00. InputHandle\Command\MoveCommand">
      <UniqueIdentifier>{e19d1efa-3196-4ded-9f0e-fe945e3fff7d}</UniqueIdentifier>
    </Filter>
    <Filter Include="00. Game\01. GameObject\00. Player\02. Skill">
      <UniqueIdentifier>{03e65e24-4fe4-43b1-90be-64cbf5a8412c}</UniqueIdentifier>
    </Filter>
    <Filter Include="00. Game\01. GameObject\00. Player\02. Skill\RaiseSkeleton">
      <UniqueIdentifier>{b223a755-5cf3-41ec-bc01-912ec3e20478}</UniqueIdentifier>
    </Filter>
    <Filter Include="00. Game\01. GameObject\00. Player\02. Skill\RaiseSkeleton\Skeleton">
      <UniqueIdentifier>{66b36543-9d4c-4d5d-bf73-d532a1ca8e24}</UniqueIdentifier>
    </Filter>
    <Filter Include="00. Game\01. GameObject\00. Player\02. Skill\BoneSpear">
      <UniqueIdentifier>{15eb8947-dbc9-403c-b99f-ba9ac23c19d5}</UniqueIdentifier>
    </Filter>
    <Filter Include="00. Game\01. GameObject\00. Player\02. Skill\BoneSpear\Projectile">
      <UniqueIdentifier>{f44d461c-7461-403c-b8cd-3382488399d1}</UniqueIdentifier>
    </Filter>
    <Filter Include="00. Game\01. GameObject\00. Player\02. Skill\BoneSpear\Projectile\Spear">
      <UniqueIdentifier>{75c6815e-7b7d-4f71-853f-39a3d1536329}</UniqueIdentifier>
    </Filter>
    <Filter Include="00. Game\01. GameObject\00. Player\02. Skill\BoneSpear\Projectile\Trail">
      <UniqueIdentifier>{95c3ff3b-3e7e-4bb6-a52c-5191b8e3a18d}</UniqueIdentifier>
    </Filter>
    <Filter Include="00. Game\01. GameObject\00. Player\02. Skill\PoisonNova">
      <UniqueIdentifier>{3bec1880-b58d-4b7f-9a77-d48986fb9403}</UniqueIdentifier>
    </Filter>
    <Filter Include="00. Game\01. GameObject\00. Player\02. Skill\PoisonNova\PoisonProjectile">
      <UniqueIdentifier>{d0b38a18-c45d-4e77-ba37-7171afedcfac}</UniqueIdentifier>
    </Filter>
    <Filter Include="00. Game\01. GameObject\00. Player\01. State">
      <UniqueIdentifier>{888de545-66a6-437a-b478-710c5e72501f}</UniqueIdentifier>
    </Filter>
    <Filter Include="00. Game\01. GameObject\00. Player\01. State\Player">
      <UniqueIdentifier>{22ba50c6-d2cb-4583-8394-53614245d479}</UniqueIdentifier>
    </Filter>
    <Filter Include="00. Game\01. GameObject\00. Player\01. State\Player\00. Stand">
      <UniqueIdentifier>{9cd7cc9d-906b-43ec-8ea4-2dee2c72ce33}</UniqueIdentifier>
    </Filter>
    <Filter Include="00. Game\01. GameObject\00. Player\01. State\Player\01. Move">
      <UniqueIdentifier>{c5a301cf-5a6b-40e9-9b9e-31b1f62445d5}</UniqueIdentifier>
    </Filter>
    <Filter Include="00. Game\01. GameObject\00. Player\01. State\Player\02. Attack">
      <UniqueIdentifier>{dd4f2f14-4695-4cd4-8345-a5b5bd0277a9}</UniqueIdentifier>
    </Filter>
    <Filter Include="00. Game\01. GameObject\00. Player\01. State\Player\03.Skill">
      <UniqueIdentifier>{5f1bdd1c-587b-4e77-8b37-fb3f1221c14f}</UniqueIdentifier>
    </Filter>
    <Filter Include="00. Game\01. GameObject\00. Player\01. State\Skeleton">
      <UniqueIdentifier>{82c2ee3c-20f3-48d6-aa34-6dbeffd09f71}</UniqueIdentifier>
    </Filter>
    <Filter Include="00. Game\01. GameObject\00. Player\01. State\Skeleton\01. Stand">
      <UniqueIdentifier>{ed60212f-38a9-4c8f-bb25-cfc7cc0619e7}</UniqueIdentifier>
    </Filter>
    <Filter Include="00. Game\01. GameObject\00. Player\01. State\Skeleton\02. Move">
      <UniqueIdentifier>{c2ec3578-4c41-4dcd-8e80-27dbef7c5598}</UniqueIdentifier>
    </Filter>
    <Filter Include="00. Game\01. GameObject\00. Player\01. State\Skeleton\03. Attack">
      <UniqueIdentifier>{c6a15ae7-0a3b-4b64-b18d-17cfe5312357}</UniqueIdentifier>
    </Filter>
    <Filter Include="00. Game\01. GameObject\00. Player\01. State\Skeleton\04. Dead">
      <UniqueIdentifier>{38c1d23f-cae8-48e4-8be6-ae95635f51c7}</UniqueIdentifier>
    </Filter>
    <Filter Include="00. Game\01. GameObject\00. Player\01. State\Skeleton\00. Create">
      <UniqueIdentifier>{5d0eab5d-c08f-40ea-8a63-03ced6b2cc33}</UniqueIdentifier>
    </Filter>
    <Filter Include="00. Game\01. GameObject\Inventory">
      <UniqueIdentifier>{cabd2120-d3b1-4f95-a424-1096fb6fd17b}</UniqueIdentifier>
    </Filter>
    <Filter Include="00. Game\01. GameObject\Inventory\Inventory">
      <UniqueIdentifier>{6c8d2562-b6f1-48d3-a573-e3ffb933c578}</UniqueIdentifier>
    </Filter>
    <Filter Include="00. Game\01. GameObject\Inventory\Inventory\Slot">
      <UniqueIdentifier>{7c03b790-a656-4ecd-9a15-116a19c6840f}</UniqueIdentifier>
    </Filter>
    <Filter Include="00. Game\01. GameObject\Item">
      <UniqueIdentifier>{13197765-f5af-4ab8-ae70-99ffa2e51d92}</UniqueIdentifier>
    </Filter>
    <Filter Include="00. Game\01. GameObject\00. Player\01. State\Player\04. Damaged">
      <UniqueIdentifier>{cd704aaa-1e94-4ff3-b8db-374cf031901d}</UniqueIdentifier>
    </Filter>
    <Filter Include="00. Game\01. GameObject\NPC">
      <UniqueIdentifier>{d946f848-c0a2-496b-a4cf-a16af9bca7dd}</UniqueIdentifier>
    </Filter>
    <Filter Include="00. Game\01. GameObject\NPC\Store">
      <UniqueIdentifier>{6c61c5c7-969d-4bd5-b630-63cc424550e7}</UniqueIdentifier>
    </Filter>
    <Filter Include="00. Game\01. GameObject\Inventory\Inventory\Examine">
      <UniqueIdentifier>{594fb1c4-11ab-4b9e-bb4b-0b3398f09b80}</UniqueIdentifier>
    </Filter>
    <Filter Include="00. Game\01. GameObject\Inventory\Inventory\ItemSlot">
      <UniqueIdentifier>{4da9224c-915c-4f65-8e60-3168b7d2224b}</UniqueIdentifier>
    </Filter>
    <Filter Include="00. Game\01. GameObject\Item\Potion">
      <UniqueIdentifier>{624b121a-e926-4a15-b148-8620917dde78}</UniqueIdentifier>
    </Filter>
    <Filter Include="00. Game\01. GameObject\Item\Potion\RejuvenationPotion">
      <UniqueIdentifier>{69c56144-27a1-43ce-b05f-b2b21073fd66}</UniqueIdentifier>
    </Filter>
    <Filter Include="00. Game\01. GameObject\Item\Armor">
      <UniqueIdentifier>{171f4a07-a669-41c6-9087-210d6b379543}</UniqueIdentifier>
    </Filter>
    <Filter Include="00. Game\01. GameObject\BGMPlayer">
      <UniqueIdentifier>{272dea86-69e3-4a8c-97ca-c6cf9193c399}</UniqueIdentifier>
    </Filter>
    <Filter Include="00. Game\01. GameObject\MonsterHPBar">
      <UniqueIdentifier>{942f594b-c12f-49ea-9285-d492753442aa}</UniqueIdentifier>
    </Filter>
    <Filter Include="00. Game\01. GameObject\Portal">
      <UniqueIdentifier>{7c370417-2f21-48f4-9498-3e4b0f480173}</UniqueIdentifier>
    </Filter>
    <Filter Include="00. Game\00. Scene\03.Dungeon">
      <UniqueIdentifier>{09ac8e0c-fef8-411d-9adb-913aafea0157}</UniqueIdentifier>
    </Filter>
    <Filter Include="00. Game\01. GameObject\Actor\Monster\Cow">
      <UniqueIdentifier>{aaa85f59-8aca-4dde-a064-6cfbae5086f8}</UniqueIdentifier>
    </Filter>
    <Filter Include="00. Game\00. Scene\03.Dungeon\Dungeon_01">
      <UniqueIdentifier>{4f1a5fe8-4a9e-46b8-b395-bcb659c6c5b9}</UniqueIdentifier>
    </Filter>
    <Filter Include="00. Game\00. Scene\03.Dungeon\Diablo_chamber">
      <UniqueIdentifier>{857d9d9a-8fe0-4da1-a66e-e2714c1e96d6}</UniqueIdentifier>
    </Filter>
    <Filter Include="00. Game\01. GameObject\Actor\Monster\Diablo">
      <UniqueIdentifier>{f6b21be0-42ad-451e-90e2-d3d7844763c8}</UniqueIdentifier>
    </Filter>
    <Filter Include="00. Game\01. GameObject\Actor\Monster\Mephisto">
      <UniqueIdentifier>{2c1ef3fd-251c-49c8-80c0-e7f2d1e63599}</UniqueIdentifier>
    </Filter>
    <Filter Include="00. Game\01. GameObject\Actor\Monster\Mephisto\Lightning">
      <UniqueIdentifier>{ec6ad0bb-8562-4092-872c-231a141c4b25}</UniqueIdentifier>
    </Filter>
    <Filter Include="00. Game\01. GameObject\Actor\Monster\Mephisto\Missile">
      <UniqueIdentifier>{c83c4b54-616c-4d1c-ae0f-d66af499cc14}</UniqueIdentifier>
    </Filter>
    <Filter Include="00. Game\01. GameObject\Item\Gold">
      <UniqueIdentifier>{b42badf2-fe58-4155-89e6-89c63510ae3f}</UniqueIdentifier>
    </Filter>
    <Filter Include="00. Game\01. GameObject\Item\Potion\MpXXX">
      <UniqueIdentifier>{203ad5e7-ecb9-46a4-b8e8-0d111442f34a}</UniqueIdentifier>
    </Filter>
    <Filter Include="00. Game\01. GameObject\Item\Potion\Hp Potion XXX">
      <UniqueIdentifier>{1cf40e32-e04d-49ab-9adb-c9e78d83b26d}</UniqueIdentifier>
    </Filter>
    <Filter Include="00. Game\01. GameObject\BossCamera">
      <UniqueIdentifier>{61b54335-d9cc-4c42-862e-6932fd121cd5}</UniqueIdentifier>
    </Filter>
    <Filter Include="00. Game\01. GameObject\Actor\Monster\Mephisto\Lightning\LightningCollider">
      <UniqueIdentifier>{b3cd5ec1-ff0d-43ed-aa08-60cfeef3e882}</UniqueIdentifier>
    </Filter>
    <Filter Include="00. Game\01. GameObject\Actor\Monster\Diablo\bullet">
      <UniqueIdentifier>{9a63d6a8-b4f6-4179-93bd-acded29a363f}</UniqueIdentifier>
    </Filter>
    <Filter Include="00. Game\EffectRenderer">
      <UniqueIdentifier>{33074340-e035-4a7b-a43f-d86a1c7b4312}</UniqueIdentifier>
    </Filter>
    <Filter Include="00. Game\01. GameObject\02. UI\System\Fade">
      <UniqueIdentifier>{f62fec32-aa11-4e49-b2b7-289dffa7fa08}</UniqueIdentifier>
    </Filter>
    <Filter Include="00. Game\01. GameObject\NPC\Store\SotreItem">
      <UniqueIdentifier>{830bdd39-e780-48e5-af25-119fa5094dc6}</UniqueIdentifier>
    </Filter>
    <Filter Include="00. Game\01. GameObject\NPC\Store\StoreWnd">
      <UniqueIdentifier>{cac9928a-e6da-4f20-89be-a50985209d5d}</UniqueIdentifier>
    </Filter>
    <Filter Include="00. Game\01. GameObject\Inventory\Inventory\InfoBox">
      <UniqueIdentifier>{625cf245-3dab-44bd-ac96-ec9a20475b93}</UniqueIdentifier>
    </Filter>
    <Filter Include="00. Game\01. GameObject\Actor\Monster\Witch">
      <UniqueIdentifier>{37a17932-2658-450a-a33d-820805d1c16f}</UniqueIdentifier>
    </Filter>
    <Filter Include="00. Game\01. GameObject\Actor\Monster\Witch\FireBall">
      <UniqueIdentifier>{6970a1ee-bda6-4611-9946-0751f616f846}</UniqueIdentifier>
    </Filter>
    <Filter Include="00. Game\01. GameObject\BossCamera\MephistoCamera">
      <UniqueIdentifier>{ae779260-2d29-4785-a594-78422fe4d91f}</UniqueIdentifier>
    </Filter>
    <Filter Include="00. Game\01. GameObject\00. Player\01. State\Player\05.Death">
      <UniqueIdentifier>{fd26c7b8-461b-4b07-8454-7b3e36c1edcd}</UniqueIdentifier>
    </Filter>
    <Filter Include="00. Game\00. Scene\03.Dungeon\Dungeon_02">
      <UniqueIdentifier>{a783f9c7-d50a-45d8-9ac2-d4abb3952201}</UniqueIdentifier>
    </Filter>
    <Filter Include="00. Game\00. Scene\03.Dungeon\Mephisto_Chamber">
      <UniqueIdentifier>{f6e0e11c-76fd-4b03-a599-91ecddb9d6ec}</UniqueIdentifier>
    </Filter>
    <Filter Include="00. Game\00. Scene\04.Credit">
      <UniqueIdentifier>{ae4db60d-176e-403d-a821-33d933bb14f9}</UniqueIdentifier>
    </Filter>
    <Filter Include="00. Game\01. GameObject\Actor\Monster\Orc">
      <UniqueIdentifier>{f2235da7-3486-443e-acd4-79249b0cd1d5}</UniqueIdentifier>
    </Filter>
    <Filter Include="00. Game\01. GameObject\Actor\Monster\MasterYi">
      <UniqueIdentifier>{60e89538-906f-4533-9a8c-9358af1a8f41}</UniqueIdentifier>
    </Filter>
  </ItemGroup>
  <ItemGroup>
    <ClInclude Include="framework.h">
      <Filter>99. Default\Header Files</Filter>
    </ClInclude>
    <ClInclude Include="targetver.h">
      <Filter>99. Default\Header Files</Filter>
    </ClInclude>
    <ClInclude Include="pch.h">
      <Filter>99. Default\Header Files</Filter>
    </ClInclude>
    <ClInclude Include="LoadingScene.h">
      <Filter>00. Game\00. Scene\00.Loading</Filter>
    </ClInclude>
    <ClInclude Include="PlayerSelectScene.h">
      <Filter>00. Game\00. Scene\01.Create</Filter>
    </ClInclude>
    <ClInclude Include="Player.h">
      <Filter>00. Game\01. GameObject\00. Player</Filter>
    </ClInclude>
    <ClInclude Include="Skill.h">
      <Filter>00. Game\01. GameObject\00. Player\02. Skill</Filter>
    </ClInclude>
    <ClInclude Include="Game_Struct.h">
      <Filter>00. Game\98.Include</Filter>
    </ClInclude>
    <ClInclude Include="Game_Enum.h">
      <Filter>00. Game\98.Include</Filter>
    </ClInclude>
    <ClInclude Include="Command.h">
      <Filter>00. Game\01. GameObject\00. Player\00. InputHandle\Command</Filter>
    </ClInclude>
    <ClInclude Include="RaiseSkeleton.h">
      <Filter>00. Game\01. GameObject\00. Player\02. Skill\RaiseSkeleton</Filter>
    </ClInclude>
    <ClInclude Include="SkillCommand.h">
      <Filter>00. Game\01. GameObject\00. Player\00. InputHandle\Command\SkillCommand</Filter>
    </ClInclude>
    <ClInclude Include="AttackCommand.h">
      <Filter>00. Game\01. GameObject\00. Player\00. InputHandle\Command\AttackCommand</Filter>
    </ClInclude>
    <ClInclude Include="MoveCommand.h">
      <Filter>00. Game\01. GameObject\00. Player\00. InputHandle\Command\MoveCommand</Filter>
    </ClInclude>
    <ClInclude Include="InputHandler.h">
      <Filter>00. Game\01. GameObject\00. Player\00. InputHandle</Filter>
    </ClInclude>
    <ClInclude Include="Game.h">
      <Filter>00. Game\00. Scene</Filter>
    </ClInclude>
    <ClInclude Include="PriorityQueue.h">
      <Filter>00. Game\01. GameObject\NaviMesh</Filter>
    </ClInclude>
    <ClInclude Include="Skeleton.h">
      <Filter>00. Game\01. GameObject\00. Player\02. Skill\RaiseSkeleton\Skeleton</Filter>
    </ClInclude>
    <ClInclude Include="BoneSpear.h">
      <Filter>00. Game\01. GameObject\00. Player\02. Skill\BoneSpear</Filter>
    </ClInclude>
    <ClInclude Include="Projectile.h">
      <Filter>00. Game\01. GameObject\00. Player\02. Skill\BoneSpear\Projectile</Filter>
    </ClInclude>
    <ClInclude Include="Spear.h">
      <Filter>00. Game\01. GameObject\00. Player\02. Skill\BoneSpear\Projectile\Spear</Filter>
    </ClInclude>
    <ClInclude Include="SpearTrail.h">
      <Filter>00. Game\01. GameObject\00. Player\02. Skill\BoneSpear\Projectile\Trail</Filter>
    </ClInclude>
    <ClInclude Include="TownScene_01.h">
      <Filter>00. Game\00. Scene\02.Town</Filter>
    </ClInclude>
    <ClInclude Include="FSMState.h">
      <Filter>00. Game\01. GameObject\00. Player\01. State</Filter>
    </ClInclude>
    <ClInclude Include="PlayerStand.h">
      <Filter>00. Game\01. GameObject\00. Player\01. State\Player\00. Stand</Filter>
    </ClInclude>
    <ClInclude Include="PlayerAttack.h">
      <Filter>00. Game\01. GameObject\00. Player\01. State\Player\02. Attack</Filter>
    </ClInclude>
    <ClInclude Include="PlayerMove.h">
      <Filter>00. Game\01. GameObject\00. Player\01. State\Player\01. Move</Filter>
    </ClInclude>
    <ClInclude Include="NaviMesh.h">
      <Filter>00. Game\01. GameObject\NaviMesh</Filter>
    </ClInclude>
    <ClInclude Include="Node.h">
      <Filter>00. Game\01. GameObject\NaviMesh\Node</Filter>
    </ClInclude>
    <ClInclude Include="PathFinding.h">
      <Filter>00. Game\01. GameObject\NaviMesh\PathFinding</Filter>
    </ClInclude>
    <ClInclude Include="TargetCamera.h">
      <Filter>00. Game\01. GameObject\01. TargetCamera</Filter>
    </ClInclude>
    <ClInclude Include="Game_Math.h">
      <Filter>00. Game\98.Include</Filter>
    </ClInclude>
    <ClInclude Include="SkeletoneAttack.h">
      <Filter>00. Game\01. GameObject\00. Player\01. State\Skeleton\03. Attack</Filter>
    </ClInclude>
    <ClInclude Include="SkeletonMove.h">
      <Filter>00. Game\01. GameObject\00. Player\01. State\Skeleton\02. Move</Filter>
    </ClInclude>
    <ClInclude Include="SkeletonStand.h">
      <Filter>00. Game\01. GameObject\00. Player\01. State\Skeleton\01. Stand</Filter>
    </ClInclude>
    <ClInclude Include="SkeletonDead.h">
      <Filter>00. Game\01. GameObject\00. Player\01. State\Skeleton\04. Dead</Filter>
    </ClInclude>
    <ClInclude Include="SkeletonCreate.h">
      <Filter>00. Game\01. GameObject\00. Player\01. State\Skeleton\00. Create</Filter>
    </ClInclude>
    <ClInclude Include="PlayerFSMState.h">
      <Filter>00. Game\01. GameObject\00. Player\01. State\Player</Filter>
    </ClInclude>
    <ClInclude Include="MouseBtnUI.h">
      <Filter>00. Game\01. GameObject\02. UI\StatusBar\MouseBtnUI</Filter>
    </ClInclude>
    <ClInclude Include="StatusBar.h">
      <Filter>00. Game\01. GameObject\02. UI\StatusBar</Filter>
    </ClInclude>
    <ClInclude Include="TopBar.h">
      <Filter>00. Game\01. GameObject\02. UI\System\TopBar</Filter>
    </ClInclude>
    <ClInclude Include="ExitBtn.h">
      <Filter>00. Game\01. GameObject\02. UI\System\ExitBtn</Filter>
    </ClInclude>
    <ClInclude Include="Inventory.h">
      <Filter>00. Game\01. GameObject\Inventory\Inventory</Filter>
    </ClInclude>
    <ClInclude Include="GameClient.h">
      <Filter>99. Default\Header Files</Filter>
    </ClInclude>
    <ClInclude Include="Slot.h">
      <Filter>00. Game\01. GameObject\Inventory\Inventory\Slot</Filter>
    </ClInclude>
    <ClInclude Include="PlayerSkill.h">
      <Filter>00. Game\01. GameObject\00. Player\01. State\Player\03.Skill</Filter>
    </ClInclude>
    <ClInclude Include="PoisonNova.h">
      <Filter>00. Game\01. GameObject\00. Player\02. Skill\PoisonNova</Filter>
    </ClInclude>
    <ClInclude Include="PoisonProjectile.h">
      <Filter>00. Game\01. GameObject\00. Player\02. Skill\PoisonNova\PoisonProjectile</Filter>
    </ClInclude>
    <ClInclude Include="DbgShowFrame.h">
      <Filter>00. Game\01. GameObject\02. UI\FrameText</Filter>
    </ClInclude>
    <ClInclude Include="Actor.h">
      <Filter>00. Game\01. GameObject\Actor</Filter>
    </ClInclude>
    <ClInclude Include="BillboardSprite.h">
      <Filter>00. Game\01. GameObject\BillboardSprite</Filter>
    </ClInclude>
    <ClInclude Include="GameDataManager.h">
      <Filter>00. Game\Manager</Filter>
    </ClInclude>
    <ClInclude Include="BillboardObj.h">
      <Filter>00. Game\01. GameObject\BillboardObj</Filter>
    </ClInclude>
    <ClInclude Include="Item.h">
      <Filter>00. Game\01. GameObject\Item</Filter>
    </ClInclude>
    <ClInclude Include="ItemSlot.h">
      <Filter>00. Game\01. GameObject\Inventory\Inventory\ItemSlot</Filter>
    </ClInclude>
    <ClInclude Include="HpPotion.h">
      <Filter>00. Game\01. GameObject\Item\Potion\Hp Potion XXX</Filter>
    </ClInclude>
    <ClInclude Include="MpPotion.h">
      <Filter>00. Game\01. GameObject\Item\Potion\MpXXX</Filter>
    </ClInclude>
    <ClInclude Include="PlayerDamaged.h">
      <Filter>00. Game\01. GameObject\00. Player\01. State\Player\04. Damaged</Filter>
    </ClInclude>
    <ClInclude Include="NPC.h">
      <Filter>00. Game\01. GameObject\NPC</Filter>
    </ClInclude>
    <ClInclude Include="StoreNPC.h">
      <Filter>00. Game\01. GameObject\NPC\Store</Filter>
    </ClInclude>
    <ClInclude Include="Examine.h">
      <Filter>00. Game\01. GameObject\Inventory\Inventory\Examine</Filter>
    </ClInclude>
    <ClInclude Include="RejuvenationPotion.h">
      <Filter>00. Game\01. GameObject\Item\Potion\RejuvenationPotion</Filter>
    </ClInclude>
    <ClInclude Include="PlateArmor.h">
      <Filter>00. Game\01. GameObject\Item\Armor</Filter>
    </ClInclude>
    <ClInclude Include="BGMPlayer.h">
      <Filter>00. Game\01. GameObject\BGMPlayer</Filter>
    </ClInclude>
    <ClInclude Include="Cow.h">
      <Filter>00. Game\01. GameObject\Actor\Monster\Cow</Filter>
    </ClInclude>
    <ClInclude Include="Dungeon_01.h">
      <Filter>00. Game\00. Scene\03.Dungeon\Dungeon_01</Filter>
    </ClInclude>
    <ClInclude Include="Diablo_Chamber.h">
      <Filter>00. Game\00. Scene\03.Dungeon\Diablo_chamber</Filter>
    </ClInclude>
    <ClInclude Include="Diablo.h">
      <Filter>00. Game\01. GameObject\Actor\Monster\Diablo</Filter>
    </ClInclude>
    <ClInclude Include="Resource.h">
      <Filter>99. Default\Header Files</Filter>
    </ClInclude>
    <ClInclude Include="Mephisto.h">
      <Filter>00. Game\01. GameObject\Actor\Monster\Mephisto</Filter>
    </ClInclude>
    <ClInclude Include="Missile.h">
      <Filter>00. Game\01. GameObject\Actor\Monster\Mephisto\Missile</Filter>
    </ClInclude>
    <ClInclude Include="Lightning.h">
      <Filter>00. Game\01. GameObject\Actor\Monster\Mephisto\Lightning</Filter>
    </ClInclude>
    <ClInclude Include="Gold.h">
      <Filter>00. Game\01. GameObject\Item\Gold</Filter>
    </ClInclude>
    <ClInclude Include="BossCamera.h">
      <Filter>00. Game\01. GameObject\BossCamera</Filter>
    </ClInclude>
    <ClInclude Include="LightningCollider.h">
      <Filter>00. Game\01. GameObject\Actor\Monster\Mephisto\Lightning\LightningCollider</Filter>
    </ClInclude>
    <ClInclude Include="Portal.h">
      <Filter>00. Game\01. GameObject\Portal</Filter>
    </ClInclude>
    <ClInclude Include="MonsterHPBar.h">
      <Filter>00. Game\01. GameObject\MonsterHPBar</Filter>
    </ClInclude>
    <ClInclude Include="Diablo_Clone.h">
      <Filter>00. Game\01. GameObject\Actor\Monster\Diablo</Filter>
    </ClInclude>
    <ClInclude Include="LightningBreath.h">
      <Filter>00. Game\01. GameObject\Actor\Monster\Diablo\bullet</Filter>
    </ClInclude>
    <ClInclude Include="EffectRenderer.h">
      <Filter>00. Game\EffectRenderer</Filter>
    </ClInclude>
    <ClInclude Include="FireWall.h">
      <Filter>00. Game\01. GameObject\Actor\Monster\Diablo\bullet</Filter>
    </ClInclude>
    <ClInclude Include="FadeController.h">
      <Filter>00. Game\01. GameObject\02. UI\System\Fade</Filter>
    </ClInclude>
    <ClInclude Include="StoreItem.h">
      <Filter>00. Game\01. GameObject\NPC\Store\SotreItem</Filter>
    </ClInclude>
    <ClInclude Include="StoreWnd.h">
      <Filter>00. Game\01. GameObject\NPC\Store\StoreWnd</Filter>
    </ClInclude>
    <ClInclude Include="InfoBox.h">
      <Filter>00. Game\01. GameObject\Inventory\Inventory\InfoBox</Filter>
    </ClInclude>
    <ClInclude Include="Witch.h">
      <Filter>00. Game\01. GameObject\Actor\Monster\Witch</Filter>
    </ClInclude>
    <ClInclude Include="FireBall.h">
      <Filter>00. Game\01. GameObject\Actor\Monster\Witch\FireBall</Filter>
    </ClInclude>
    <ClInclude Include="StoreItem.h">
      <Filter>00. Game\01. GameObject\NPC\Store\SotreItem</Filter>
    </ClInclude>
    <ClInclude Include="StoreWnd.h">
      <Filter>00. Game\01. GameObject\NPC\Store\StoreWnd</Filter>
    </ClInclude>
    <ClInclude Include="MephistoCamera.h">
      <Filter>00. Game\01. GameObject\BossCamera\MephistoCamera</Filter>
    </ClInclude>
    <ClInclude Include="PlayerDeath.h">
      <Filter>00. Game\01. GameObject\00. Player\01. State\Player\05.Death</Filter>
    </ClInclude>
    <ClInclude Include="Dungeon_02.h">
      <Filter>00. Game\00. Scene\03.Dungeon\Dungeon_02</Filter>
    </ClInclude>
    <ClInclude Include="Mephisto_Chamber.h">
      <Filter>00. Game\00. Scene\03.Dungeon\Mephisto_Chamber</Filter>
    </ClInclude>
    <ClInclude Include="CreditScene.h">
      <Filter>00. Game\00. Scene\04.Credit</Filter>
    </ClInclude>
    <ClInclude Include="Orc.h">
      <Filter>00. Game\01. GameObject\Actor\Monster\Orc</Filter>
    </ClInclude>
    <ClInclude Include="MasterYi.h">
      <Filter>00. Game\01. GameObject\Actor\Monster\MasterYi</Filter>
    </ClInclude>
  </ItemGroup>
  <ItemGroup>
    <ClCompile Include="pch.cpp">
      <Filter>99. Default\Source Files</Filter>
    </ClCompile>
    <ClCompile Include="LoadingScene.cpp">
      <Filter>00. Game\00. Scene\00.Loading</Filter>
    </ClCompile>
    <ClCompile Include="PlayerSelectScene.cpp">
      <Filter>00. Game\00. Scene\01.Create</Filter>
    </ClCompile>
    <ClCompile Include="Player.cpp">
      <Filter>00. Game\01. GameObject\00. Player</Filter>
    </ClCompile>
    <ClCompile Include="RaiseSkeleton.cpp">
      <Filter>00. Game\01. GameObject\00. Player\02. Skill\RaiseSkeleton</Filter>
    </ClCompile>
    <ClCompile Include="SkillCommand.cpp">
      <Filter>00. Game\01. GameObject\00. Player\00. InputHandle\Command\SkillCommand</Filter>
    </ClCompile>
    <ClCompile Include="AttackCommand.cpp">
      <Filter>00. Game\01. GameObject\00. Player\00. InputHandle\Command\AttackCommand</Filter>
    </ClCompile>
    <ClCompile Include="MoveCommand.cpp">
      <Filter>00. Game\01. GameObject\00. Player\00. InputHandle\Command\MoveCommand</Filter>
    </ClCompile>
    <ClCompile Include="InputHandler.cpp">
      <Filter>00. Game\01. GameObject\00. Player\00. InputHandle</Filter>
    </ClCompile>
    <ClCompile Include="Game.cpp">
      <Filter>00. Game\00. Scene</Filter>
    </ClCompile>
    <ClCompile Include="Skeleton.cpp">
      <Filter>00. Game\01. GameObject\00. Player\02. Skill\RaiseSkeleton\Skeleton</Filter>
    </ClCompile>
    <ClCompile Include="BoneSpear.cpp">
      <Filter>00. Game\01. GameObject\00. Player\02. Skill\BoneSpear</Filter>
    </ClCompile>
    <ClCompile Include="Projectile.cpp">
      <Filter>00. Game\01. GameObject\00. Player\02. Skill\BoneSpear\Projectile</Filter>
    </ClCompile>
    <ClCompile Include="Spear.cpp">
      <Filter>00. Game\01. GameObject\00. Player\02. Skill\BoneSpear\Projectile\Spear</Filter>
    </ClCompile>
    <ClCompile Include="SpearTrail.cpp">
      <Filter>00. Game\01. GameObject\00. Player\02. Skill\BoneSpear\Projectile\Trail</Filter>
    </ClCompile>
    <ClCompile Include="TownScene_01.cpp">
      <Filter>00. Game\00. Scene\02.Town</Filter>
    </ClCompile>
    <ClCompile Include="PlayerStand.cpp">
      <Filter>00. Game\01. GameObject\00. Player\01. State\Player\00. Stand</Filter>
    </ClCompile>
    <ClCompile Include="PlayerAttack.cpp">
      <Filter>00. Game\01. GameObject\00. Player\01. State\Player\02. Attack</Filter>
    </ClCompile>
    <ClCompile Include="PlayerMove.cpp">
      <Filter>00. Game\01. GameObject\00. Player\01. State\Player\01. Move</Filter>
    </ClCompile>
    <ClCompile Include="NaviMesh.cpp">
      <Filter>00. Game\01. GameObject\NaviMesh</Filter>
    </ClCompile>
    <ClCompile Include="PathFinding.cpp">
      <Filter>00. Game\01. GameObject\NaviMesh\PathFinding</Filter>
    </ClCompile>
    <ClCompile Include="TargetCamera.cpp">
      <Filter>00. Game\01. GameObject\01. TargetCamera</Filter>
    </ClCompile>
    <ClCompile Include="FSMState.cpp">
      <Filter>00. Game\01. GameObject\00. Player\01. State</Filter>
    </ClCompile>
    <ClCompile Include="SkeletoneAttack.cpp">
      <Filter>00. Game\01. GameObject\00. Player\01. State\Skeleton\03. Attack</Filter>
    </ClCompile>
    <ClCompile Include="SkeletonMove.cpp">
      <Filter>00. Game\01. GameObject\00. Player\01. State\Skeleton\02. Move</Filter>
    </ClCompile>
    <ClCompile Include="SkeletonStand.cpp">
      <Filter>00. Game\01. GameObject\00. Player\01. State\Skeleton\01. Stand</Filter>
    </ClCompile>
    <ClCompile Include="SkeletonDead.cpp">
      <Filter>00. Game\01. GameObject\00. Player\01. State\Skeleton\04. Dead</Filter>
    </ClCompile>
    <ClCompile Include="SkeletonCreate.cpp">
      <Filter>00. Game\01. GameObject\00. Player\01. State\Skeleton\00. Create</Filter>
    </ClCompile>
    <ClCompile Include="MouseBtnUI.cpp">
      <Filter>00. Game\01. GameObject\02. UI\StatusBar\MouseBtnUI</Filter>
    </ClCompile>
    <ClCompile Include="StatusBar.cpp">
      <Filter>00. Game\01. GameObject\02. UI\StatusBar</Filter>
    </ClCompile>
    <ClCompile Include="TopBar.cpp">
      <Filter>00. Game\01. GameObject\02. UI\System\TopBar</Filter>
    </ClCompile>
    <ClCompile Include="ExitBtn.cpp">
      <Filter>00. Game\01. GameObject\02. UI\System\ExitBtn</Filter>
    </ClCompile>
    <ClCompile Include="Inventory.cpp">
      <Filter>00. Game\01. GameObject\Inventory\Inventory</Filter>
    </ClCompile>
    <ClCompile Include="GameClient.cpp">
      <Filter>99. Default\Source Files</Filter>
    </ClCompile>
    <ClCompile Include="Slot.cpp">
      <Filter>00. Game\01. GameObject\Inventory\Inventory\Slot</Filter>
    </ClCompile>
    <ClCompile Include="PlayerSkill.cpp">
      <Filter>00. Game\01. GameObject\00. Player\01. State\Player\03.Skill</Filter>
    </ClCompile>
    <ClCompile Include="PoisonNova.cpp">
      <Filter>00. Game\01. GameObject\00. Player\02. Skill\PoisonNova</Filter>
    </ClCompile>
    <ClCompile Include="PoisonProjectile.cpp">
      <Filter>00. Game\01. GameObject\00. Player\02. Skill\PoisonNova\PoisonProjectile</Filter>
    </ClCompile>
    <ClCompile Include="DbgShowFrame.cpp">
      <Filter>00. Game\01. GameObject\02. UI\FrameText</Filter>
    </ClCompile>
    <ClCompile Include="Actor.cpp">
      <Filter>00. Game\01. GameObject\Actor</Filter>
    </ClCompile>
    <ClCompile Include="BillboardSprite.cpp">
      <Filter>00. Game\01. GameObject\BillboardSprite</Filter>
    </ClCompile>
    <ClCompile Include="GameDataManager.cpp">
      <Filter>00. Game\Manager</Filter>
    </ClCompile>
    <ClCompile Include="BillboardObj.cpp">
      <Filter>00. Game\01. GameObject\BillboardObj</Filter>
    </ClCompile>
    <ClCompile Include="ItemSlot.cpp">
      <Filter>00. Game\01. GameObject\Inventory\Inventory\ItemSlot</Filter>
    </ClCompile>
    <ClCompile Include="HpPotion.cpp">
      <Filter>00. Game\01. GameObject\Item\Potion\Hp Potion XXX</Filter>
    </ClCompile>
    <ClCompile Include="MpPotion.cpp">
      <Filter>00. Game\01. GameObject\Item\Potion\MpXXX</Filter>
    </ClCompile>
    <ClCompile Include="Item.cpp">
      <Filter>00. Game\01. GameObject\Item</Filter>
    </ClCompile>
    <ClCompile Include="PlayerDamaged.cpp">
      <Filter>00. Game\01. GameObject\00. Player\01. State\Player\04. Damaged</Filter>
    </ClCompile>
    <ClCompile Include="StoreNPC.cpp">
      <Filter>00. Game\01. GameObject\NPC\Store</Filter>
    </ClCompile>
    <ClCompile Include="Examine.cpp">
      <Filter>00. Game\01. GameObject\Inventory\Inventory\Examine</Filter>
    </ClCompile>
    <ClCompile Include="RejuvenationPotion.cpp">
      <Filter>00. Game\01. GameObject\Item\Potion\RejuvenationPotion</Filter>
    </ClCompile>
    <ClCompile Include="PlateArmor.cpp">
      <Filter>00. Game\01. GameObject\Item\Armor</Filter>
    </ClCompile>
    <ClCompile Include="BGMPlayer.cpp">
      <Filter>00. Game\01. GameObject\BGMPlayer</Filter>
    </ClCompile>
    <ClCompile Include="MonsterHPBar.cpp">
      <Filter>00. Game\01. GameObject\MonsterHPBar</Filter>
    </ClCompile>
    <ClCompile Include="Portal.cpp">
      <Filter>00. Game\01. GameObject\Portal</Filter>
    </ClCompile>
    <ClCompile Include="Cow.cpp">
      <Filter>00. Game\01. GameObject\Actor\Monster\Cow</Filter>
    </ClCompile>
    <ClCompile Include="Dungeon_01.cpp">
      <Filter>00. Game\00. Scene\03.Dungeon\Dungeon_01</Filter>
    </ClCompile>
    <ClCompile Include="Diablo_Chamber.cpp">
      <Filter>00. Game\00. Scene\03.Dungeon\Diablo_chamber</Filter>
    </ClCompile>
    <ClCompile Include="Diablo.cpp">
      <Filter>00. Game\01. GameObject\Actor\Monster\Diablo</Filter>
    </ClCompile>
    <ClCompile Include="Mephisto.cpp">
      <Filter>00. Game\01. GameObject\Actor\Monster\Mephisto</Filter>
    </ClCompile>
    <ClCompile Include="Missile.cpp">
      <Filter>00. Game\01. GameObject\Actor\Monster\Mephisto\Missile</Filter>
    </ClCompile>
    <ClCompile Include="Lightning.cpp">
      <Filter>00. Game\01. GameObject\Actor\Monster\Mephisto\Lightning</Filter>
    </ClCompile>
    <ClCompile Include="Gold.cpp">
      <Filter>00. Game\01. GameObject\Item\Gold</Filter>
    </ClCompile>
    <ClCompile Include="BossCamera.cpp">
      <Filter>00. Game\01. GameObject\BossCamera</Filter>
    </ClCompile>
    <ClCompile Include="LightningCollider.cpp">
      <Filter>00. Game\01. GameObject\Actor\Monster\Mephisto\Lightning\LightningCollider</Filter>
    </ClCompile>
    <ClCompile Include="Diablo_Clone.cpp">
      <Filter>00. Game\01. GameObject\Actor\Monster\Diablo</Filter>
    </ClCompile>
    <ClCompile Include="LightningBreath.cpp">
      <Filter>00. Game\01. GameObject\Actor\Monster\Diablo\bullet</Filter>
    </ClCompile>
    <ClCompile Include="EffectRenderer.cpp">
      <Filter>00. Game\EffectRenderer</Filter>
    </ClCompile>
    <ClCompile Include="FireWall.cpp">
      <Filter>00. Game\01. GameObject\Actor\Monster\Diablo\bullet</Filter>
    </ClCompile>
    <ClCompile Include="FadeController.cpp">
      <Filter>00. Game\01. GameObject\02. UI\System\Fade</Filter>
    </ClCompile>
    <ClCompile Include="StoreItem.cpp">
      <Filter>00. Game\01. GameObject\NPC\Store\SotreItem</Filter>
    </ClCompile>
    <ClCompile Include="StoreWnd.cpp">
      <Filter>00. Game\01. GameObject\NPC\Store\StoreWnd</Filter>
    </ClCompile>
    <ClCompile Include="InfoBox.cpp">
      <Filter>00. Game\01. GameObject\Inventory\Inventory\InfoBox</Filter>
    </ClCompile>
    <ClCompile Include="Witch.cpp">
      <Filter>00. Game\01. GameObject\Actor\Monster\Witch</Filter>
    </ClCompile>
    <ClCompile Include="FireBall.cpp">
      <Filter>00. Game\01. GameObject\Actor\Monster\Witch\FireBall</Filter>
    </ClCompile>
    <ClCompile Include="StoreItem.cpp">
      <Filter>00. Game\01. GameObject\NPC\Store\SotreItem</Filter>
    </ClCompile>
    <ClCompile Include="StoreWnd.cpp">
      <Filter>00. Game\01. GameObject\NPC\Store\StoreWnd</Filter>
    </ClCompile>
    <ClCompile Include="MephistoCamera.cpp">
      <Filter>00. Game\01. GameObject\BossCamera\MephistoCamera</Filter>
    </ClCompile>
    <ClCompile Include="PlayerDeath.cpp">
      <Filter>00. Game\01. GameObject\00. Player\01. State\Player\05.Death</Filter>
    </ClCompile>
    <ClCompile Include="Dungeon_02.cpp">
      <Filter>00. Game\00. Scene\03.Dungeon\Dungeon_02</Filter>
    </ClCompile>
    <ClCompile Include="Mephisto_Chamber.cpp">
      <Filter>00. Game\00. Scene\03.Dungeon\Mephisto_Chamber</Filter>
    </ClCompile>
    <ClCompile Include="CreditScene.cpp">
      <Filter>00. Game\00. Scene\04.Credit</Filter>
    </ClCompile>
    <ClCompile Include="Orc.cpp">
      <Filter>00. Game\01. GameObject\Actor\Monster\Orc</Filter>
    </ClCompile>
    <ClCompile Include="MasterYi.cpp">
      <Filter>00. Game\01. GameObject\Actor\Monster\MasterYi</Filter>
    </ClCompile>
  </ItemGroup>
  <ItemGroup>
    <ResourceCompile Include="GameClient.rc">
      <Filter>99. Default\Resource Files</Filter>
    </ResourceCompile>
  </ItemGroup>
  <ItemGroup>
    <Image Include="small.ico">
      <Filter>99. Default\Resource Files</Filter>
    </Image>
    <Image Include="GameClient.ico">
      <Filter>99. Default\Resource Files</Filter>
    </Image>
  </ItemGroup>
</Project>