<?xml version="1.0" encoding="utf-8"?>
<Project ToolsVersion="4.0" xmlns="http://schemas.microsoft.com/developer/msbuild/2003">
  <ItemGroup>
    <Filter Include="Transform">
      <UniqueIdentifier>{1a4741ac-6c02-4865-9ecb-53cc57c65df4}</UniqueIdentifier>
    </Filter>
    <Filter Include="Animator">
      <UniqueIdentifier>{c5a0c075-8b9d-4af3-878d-6e1383291e2e}</UniqueIdentifier>
    </Filter>
    <Filter Include="Camera">
      <UniqueIdentifier>{49d5f4da-9924-4938-a067-52826cfa68de}</UniqueIdentifier>
    </Filter>
    <Filter Include="Renderer">
      <UniqueIdentifier>{8a1c49f7-b8d1-4c10-89b5-d28df887f685}</UniqueIdentifier>
    </Filter>
    <Filter Include="Physics">
      <UniqueIdentifier>{f5394210-91bf-4dad-ad83-2dc8c1a1d985}</UniqueIdentifier>
    </Filter>
    <Filter Include="Renderer\MeshRenderer">
      <UniqueIdentifier>{09c8731c-48c3-4021-abaa-a1e05adbcf99}</UniqueIdentifier>
    </Filter>
    <Filter Include="Renderer\SpriteRenderer">
      <UniqueIdentifier>{9ef171f1-1583-4f5e-8a76-997f0024cacd}</UniqueIdentifier>
    </Filter>
    <Filter Include="Physics\Rigidbody">
      <UniqueIdentifier>{4e78b191-3c9f-42ef-b7bf-2241bcd0863f}</UniqueIdentifier>
    </Filter>
    <Filter Include="Physics\Collider">
      <UniqueIdentifier>{e13300fa-3a3b-405c-93f3-a7e89c3200df}</UniqueIdentifier>
    </Filter>
    <Filter Include="Physics\PhysicsMaterial">
      <UniqueIdentifier>{ec65d20c-e859-4100-a6d7-53fa7cea588f}</UniqueIdentifier>
    </Filter>
    <Filter Include="Behaviour">
      <UniqueIdentifier>{4a77d7a8-21bb-46b1-a734-e3f1f1831fe5}</UniqueIdentifier>
    </Filter>
    <Filter Include="Physics\Collider\TerrainCollider">
      <UniqueIdentifier>{84ae0d2d-e42b-46c3-8155-290265c3943a}</UniqueIdentifier>
    </Filter>
    <Filter Include="Physics\Collider\SphereCollider">
      <UniqueIdentifier>{cad0f37b-2365-4933-856a-6dd872870abd}</UniqueIdentifier>
    </Filter>
    <Filter Include="Transform\RectTransform">
      <UniqueIdentifier>{518c7744-7feb-4c8d-9a35-1bc649abcf78}</UniqueIdentifier>
    </Filter>
    <Filter Include="Renderer\ParticleRenderer">
      <UniqueIdentifier>{9231bde3-ea5b-4cc4-9689-0596d021e9fc}</UniqueIdentifier>
    </Filter>
    <Filter Include="Physics\Collider\BoxCollider">
      <UniqueIdentifier>{3debf6d4-a6ce-43b9-9939-a60daa0076cf}</UniqueIdentifier>
    </Filter>
    <Filter Include="Renderer\TerrainRenderer">
      <UniqueIdentifier>{e6e02ee2-f6a3-4ca1-a364-8c8ef688be4b}</UniqueIdentifier>
    </Filter>
  </ItemGroup>
  <ItemGroup>
    <ClInclude Include="$(MSBuildThisFileDirectory)Transform.h">
      <Filter>Transform</Filter>
    </ClInclude>
    <ClInclude Include="$(MSBuildThisFileDirectory)Component.h" />
    <ClInclude Include="$(MSBuildThisFileDirectory)Camera.h">
      <Filter>Camera</Filter>
    </ClInclude>
    <ClInclude Include="$(MSBuildThisFileDirectory)Renderer.h">
      <Filter>Renderer</Filter>
    </ClInclude>
    <ClInclude Include="$(MSBuildThisFileDirectory)Animator.h">
      <Filter>Animator</Filter>
    </ClInclude>
    <ClInclude Include="$(MSBuildThisFileDirectory)SpriteRenderer.h">
      <Filter>Renderer\SpriteRenderer</Filter>
    </ClInclude>
    <ClInclude Include="$(MSBuildThisFileDirectory)MeshRenderer.h">
      <Filter>Renderer\MeshRenderer</Filter>
    </ClInclude>
    <ClInclude Include="$(MSBuildThisFileDirectory)Behaviour.h">
      <Filter>Behaviour</Filter>
    </ClInclude>
    <ClInclude Include="$(MSBuildThisFileDirectory)Collider.h">
      <Filter>Physics\Collider</Filter>
    </ClInclude>
    <ClInclude Include="$(MSBuildThisFileDirectory)SphereCollider.h">
      <Filter>Physics\Collider\SphereCollider</Filter>
    </ClInclude>
    <ClInclude Include="$(MSBuildThisFileDirectory)RectTransform.h">
      <Filter>Transform\RectTransform</Filter>
    </ClInclude>
    <ClInclude Include="$(MSBuildThisFileDirectory)ParticleRenderer.h">
      <Filter>Renderer\ParticleRenderer</Filter>
    </ClInclude>
    <ClInclude Include="$(MSBuildThisFileDirectory)TerrainCollider.h">
      <Filter>Physics\Collider\TerrainCollider</Filter>
    </ClInclude>
    <ClInclude Include="$(MSBuildThisFileDirectory)BoxCollider.h">
      <Filter>Physics\Collider\BoxCollider</Filter>
    </ClInclude>
    <ClInclude Include="$(MSBuildThisFileDirectory)Rigidbody.h">
      <Filter>Physics\Rigidbody</Filter>
    </ClInclude>
    <ClInclude Include="$(MSBuildThisFileDirectory)TerrainRenderer.h">
      <Filter>Renderer\TerrainRenderer</Filter>
    </ClInclude>
  </ItemGroup>
  <ItemGroup>
    <ClCompile Include="$(MSBuildThisFileDirectory)Transform.cpp">
      <Filter>Transform</Filter>
    </ClCompile>
    <ClCompile Include="$(MSBuildThisFileDirectory)Camera.cpp">
      <Filter>Camera</Filter>
    </ClCompile>
    <ClCompile Include="$(MSBuildThisFileDirectory)Renderer.cpp">
      <Filter>Renderer</Filter>
    </ClCompile>
    <ClCompile Include="$(MSBuildThisFileDirectory)Animator.cpp">
      <Filter>Animator</Filter>
    </ClCompile>
    <ClCompile Include="$(MSBuildThisFileDirectory)SpriteRenderer.cpp">
      <Filter>Renderer\SpriteRenderer</Filter>
    </ClCompile>
    <ClCompile Include="$(MSBuildThisFileDirectory)MeshRenderer.cpp">
      <Filter>Renderer\MeshRenderer</Filter>
    </ClCompile>
    <ClCompile Include="$(MSBuildThisFileDirectory)Behaviour.cpp">
      <Filter>Behaviour</Filter>
    </ClCompile>
    <ClCompile Include="$(MSBuildThisFileDirectory)Collider.cpp">
      <Filter>Physics\Collider</Filter>
    </ClCompile>
    <ClCompile Include="$(MSBuildThisFileDirectory)SphereCollider.cpp">
      <Filter>Physics\Collider\SphereCollider</Filter>
    </ClCompile>
    <ClCompile Include="$(MSBuildThisFileDirectory)RectTransform.cpp">
      <Filter>Transform\RectTransform</Filter>
    </ClCompile>
    <ClCompile Include="$(MSBuildThisFileDirectory)ParticleRenderer.cpp">
      <Filter>Renderer\ParticleRenderer</Filter>
    </ClCompile>
    <ClCompile Include="$(MSBuildThisFileDirectory)TerrainCollider.cpp">
      <Filter>Physics\Collider\TerrainCollider</Filter>
    </ClCompile>
    <ClCompile Include="$(MSBuildThisFileDirectory)BoxCollider.cpp">
      <Filter>Physics\Collider\BoxCollider</Filter>
    </ClCompile>
    <ClCompile Include="$(MSBuildThisFileDirectory)Rigidbody.cpp">
      <Filter>Physics\Rigidbody</Filter>
    </ClCompile>
    <ClCompile Include="$(MSBuildThisFileDirectory)TerrainRenderer.cpp">
      <Filter>Renderer\TerrainRenderer</Filter>
    </ClCompile>
  </ItemGroup>
</Project>